
Microsoft Visual Studio Solution File, Format Version 12.00
# Visual Studio Version 17
VisualStudioVersion = 17.0.31903.59
MinimumVisualStudioVersion = 10.0.40219.1
Project("{FAE04EC0-301F-11D3-BF4B-00C04F79EFBC}") = "PixelArtEditor.Core", "PixelArtEditor.Core\PixelArtEditor.Core.csproj", "{90151BC6-4D94-40E4-85BF-BF5A8872A2F0}"
EndProject
Project("{FAE04EC0-301F-11D3-BF4B-00C04F79EFBC}") = "PixelArtEditor.UI", "PixelArtEditor.UI\PixelArtEditor.UI.csproj", "{B5BF3633-2F45-4A64-BF5E-BA00BA2DC656}"
EndProject
Global
	GlobalSection(SolutionConfigurationPlatforms) = preSolution
		Debug|Any CPU = Debug|Any CPU
		Release|Any CPU = Release|Any CPU
	EndGlobalSection
	GlobalSection(SolutionProperties) = preSolution
		HideSolutionNode = FALSE
	EndGlobalSection
	GlobalSection(ProjectConfigurationPlatforms) = postSolution
		{90151BC6-4D94-40E4-85BF-BF5A8872A2F0}.Debug|Any CPU.ActiveCfg = Debug|Any CPU
		{90151BC6-4D94-40E4-85BF-BF5A8872A2F0}.Debug|Any CPU.Build.0 = Debug|Any CPU
		{90151BC6-4D94-40E4-85BF-BF5A8872A2F0}.Release|Any CPU.ActiveCfg = Release|Any CPU
		{90151BC6-4D94-40E4-85BF-BF5A8872A2F0}.Release|Any CPU.Build.0 = Release|Any CPU
		{B5BF3633-2F45-4A64-BF5E-BA00BA2DC656}.Debug|Any CPU.ActiveCfg = Debug|Any CPU
		{B5BF3633-2F45-4A64-BF5E-BA00BA2DC656}.Debug|Any CPU.Build.0 = Debug|Any CPU
		{B5BF3633-2F45-4A64-BF5E-BA00BA2DC656}.Release|Any CPU.ActiveCfg = Release|Any CPU
		{B5BF3633-2F45-4A64-BF5E-BA00BA2DC656}.Release|Any CPU.Build.0 = Release|Any CPU
	EndGlobalSection
EndGlobal
